
Microsoft Visual Studio Solution File, Format Version 12.00
# Visual Studio Version 17
VisualStudioVersion = 17.11.35327.3
MinimumVisualStudioVersion = 10.0.40219.1
Project("{FAE04EC0-301F-11D3-BF4B-00C04F79EFBC}") = "CustomerManagementPlatform", "CustomerManagementPlatform\CustomerManagementPlatform.csproj", "{0DD36318-8683-4A42-8E25-6695FE58B1CA}"
EndProject
Global
	GlobalSection(SolutionConfigurationPlatforms) = preSolution
		Debug|Any CPU = Debug|Any CPU
		Release|Any CPU = Release|Any CPU
	EndGlobalSection
	GlobalSection(ProjectConfigurationPlatforms) = postSolution
		{0DD36318-8683-4A42-8E25-6695FE58B1CA}.Debug|Any CPU.ActiveCfg = Debug|Any CPU
		{0DD36318-8683-4A42-8E25-6695FE58B1CA}.Debug|Any CPU.Build.0 = Debug|Any CPU
		{0DD36318-8683-4A42-8E25-6695FE58B1CA}.Release|Any CPU.ActiveCfg = Release|Any CPU
		{0DD36318-8683-4A42-8E25-6695FE58B1CA}.Release|Any CPU.Build.0 = Release|Any CPU
	EndGlobalSection
	GlobalSection(SolutionProperties) = preSolution
		HideSolutionNode = FALSE
	EndGlobalSection
	GlobalSection(ExtensibilityGlobals) = postSolution
		SolutionGuid = {993DB990-1EE5-40DB-A596-935CCBDD7D08}
	EndGlobalSection
EndGlobal
