
Microsoft Visual Studio Solution File, Format Version 12.00
# Visual Studio Version 17
VisualStudioVersion = 17.11.35327.3
MinimumVisualStudioVersion = 10.0.40219.1
Project("{FAE04EC0-301F-11D3-BF4B-00C04F79EFBC}") = "CustomerManagementPlatform", "CustomerManagementPlatform\CustomerManagementPlatform.csproj", "{C9C858DF-0C17-4EAD-8FB6-4B0B6EFEA605}"
EndProject
Global
	GlobalSection(SolutionConfigurationPlatforms) = preSolution
		Debug|Any CPU = Debug|Any CPU
		Release|Any CPU = Release|Any CPU
	EndGlobalSection
	GlobalSection(ProjectConfigurationPlatforms) = postSolution
		{C9C858DF-0C17-4EAD-8FB6-4B0B6EFEA605}.Debug|Any CPU.ActiveCfg = Debug|Any CPU
		{C9C858DF-0C17-4EAD-8FB6-4B0B6EFEA605}.Debug|Any CPU.Build.0 = Debug|Any CPU
		{C9C858DF-0C17-4EAD-8FB6-4B0B6EFEA605}.Release|Any CPU.ActiveCfg = Release|Any CPU
		{C9C858DF-0C17-4EAD-8FB6-4B0B6EFEA605}.Release|Any CPU.Build.0 = Release|Any CPU
	EndGlobalSection
	GlobalSection(SolutionProperties) = preSolution
		HideSolutionNode = FALSE
	EndGlobalSection
	GlobalSection(ExtensibilityGlobals) = postSolution
		SolutionGuid = {4CCA4550-3907-4062-9CEC-BC3C4564CBF6}
	EndGlobalSection
EndGlobal
